// !$*UTF8*$!
{
	archiveVersion = 1;
	classes = {
	};
	objectVersion = 48;
	objects = {

/* Begin PBXBuildFile section */
		8B26869F1FF60C1300D8FDD4 /* String+Properties.swift in Sources */ = {isa = PBXBuildFile; fileRef = 8B26869E1FF60C1300D8FDD4 /* String+Properties.swift */; };
		8B2F8BF71FE5F94000DFFB62 /* SwifterStubServerTests.swift in Sources */ = {isa = PBXBuildFile; fileRef = 8B2F8BF61FE5F94000DFFB62 /* SwifterStubServerTests.swift */; };
		8B2F8BFA1FE5FBF300DFFB62 /* StubRegister.swift in Sources */ = {isa = PBXBuildFile; fileRef = 8B2F8BF81FE5FAE400DFFB62 /* StubRegister.swift */; };
		8B2F8BFB1FE605CF00DFFB62 /* Swifter.framework in Frameworks */ = {isa = PBXBuildFile; fileRef = 8B82126E1FD3A1B600E5B898 /* Swifter.framework */; };
		8B3FDF521FE63BEA00C433EA /* query_test.tail in Resources */ = {isa = PBXBuildFile; fileRef = 8B3FDF511FE63BEA00C433EA /* query_test.tail */; };
		8B3FDF541FE64D3F00C433EA /* regex_test.tail in Resources */ = {isa = PBXBuildFile; fileRef = 8B3FDF531FE64D3F00C433EA /* regex_test.tail */; };
		8B3FDF561FE64DF800C433EA /* query_regex_test.tail in Resources */ = {isa = PBXBuildFile; fileRef = 8B3FDF551FE64DF800C433EA /* query_regex_test.tail */; };
		8B5719EC1FD4041500B765DD /* SwifterStubServer.framework in Frameworks */ = {isa = PBXBuildFile; fileRef = 8B5719EB1FD4041500B765DD /* SwifterStubServer.framework */; };
		8B61B1ED1FE6066900A9AACF /* SwiftMocktail.framework in Frameworks */ = {isa = PBXBuildFile; fileRef = 8B82126F1FD3A1B600E5B898 /* SwiftMocktail.framework */; };
		8B61B1EE1FE6073C00A9AACF /* SwifterStubServer.framework in Frameworks */ = {isa = PBXBuildFile; fileRef = 8B5719EB1FD4041500B765DD /* SwifterStubServer.framework */; };
		8B61B1F01FE608FA00A9AACF /* test.tail in Resources */ = {isa = PBXBuildFile; fileRef = 8B61B1EF1FE608FA00A9AACF /* test.tail */; };
		8B61B1F21FE61AFD00A9AACF /* post_test.tail in Resources */ = {isa = PBXBuildFile; fileRef = 8B61B1F11FE61AFD00A9AACF /* post_test.tail */; };
		8B61B1F41FE6268800A9AACF /* NetUtils.framework in Frameworks */ = {isa = PBXBuildFile; fileRef = 8B61B1F31FE6268800A9AACF /* NetUtils.framework */; };
		8B82125D1FD39B7200E5B898 /* SwifterStubs.framework in Frameworks */ = {isa = PBXBuildFile; fileRef = 8B8212531FD39B7200E5B898 /* SwifterStubs.framework */; };
		8B8212641FD39B7200E5B898 /* swifter_stubs.h in Headers */ = {isa = PBXBuildFile; fileRef = 8B8212561FD39B7200E5B898 /* swifter_stubs.h */; settings = {ATTRIBUTES = (Public, ); }; };
		8B8212701FD3A1B600E5B898 /* Swifter.framework in Frameworks */ = {isa = PBXBuildFile; fileRef = 8B82126E1FD3A1B600E5B898 /* Swifter.framework */; };
		8B8212711FD3A1B600E5B898 /* SwiftMocktail.framework in Frameworks */ = {isa = PBXBuildFile; fileRef = 8B82126F1FD3A1B600E5B898 /* SwiftMocktail.framework */; };
		8B8212731FD3A20900E5B898 /* SwifterStubServer.swift in Sources */ = {isa = PBXBuildFile; fileRef = 8B8212721FD3A20900E5B898 /* SwifterStubServer.swift */; };
		8BA7BAF91FF39F1E00FCD71D /* stubs_headers_test.tail in Resources */ = {isa = PBXBuildFile; fileRef = 8BA7BAF81FF39F1D00FCD71D /* stubs_headers_test.tail */; };
		8BA7BAFB1FF3B5A100FCD71D /* stubs_set_headers_test.tail in Resources */ = {isa = PBXBuildFile; fileRef = 8BA7BAFA1FF3B5A000FCD71D /* stubs_set_headers_test.tail */; };
/* End PBXBuildFile section */

/* Begin PBXContainerItemProxy section */
		8B82125E1FD39B7200E5B898 /* PBXContainerItemProxy */ = {
			isa = PBXContainerItemProxy;
			containerPortal = 8B82124A1FD39B7200E5B898 /* Project object */;
			proxyType = 1;
			remoteGlobalIDString = 8B8212521FD39B7200E5B898;
			remoteInfo = "swifter-stubs";
		};
/* End PBXContainerItemProxy section */

/* Begin PBXFileReference section */
		8B26869E1FF60C1300D8FDD4 /* String+Properties.swift */ = {isa = PBXFileReference; lastKnownFileType = sourcecode.swift; path = "String+Properties.swift"; sourceTree = "<group>"; };
		8B2F8BF61FE5F94000DFFB62 /* SwifterStubServerTests.swift */ = {isa = PBXFileReference; lastKnownFileType = sourcecode.swift; path = SwifterStubServerTests.swift; sourceTree = "<group>"; };
		8B2F8BF81FE5FAE400DFFB62 /* StubRegister.swift */ = {isa = PBXFileReference; lastKnownFileType = sourcecode.swift; path = StubRegister.swift; sourceTree = "<group>"; };
		8B31DCFA1FD3FCCF0053FBAE /* swifter_stub_server.framework */ = {isa = PBXFileReference; lastKnownFileType = wrapper.framework; name = swifter_stub_server.framework; path = Carthage/Build/iOS/swifter_stub_server.framework; sourceTree = "<group>"; };
		8B3FDF511FE63BEA00C433EA /* query_test.tail */ = {isa = PBXFileReference; fileEncoding = 4; lastKnownFileType = text; path = query_test.tail; sourceTree = "<group>"; };
		8B3FDF531FE64D3F00C433EA /* regex_test.tail */ = {isa = PBXFileReference; fileEncoding = 4; lastKnownFileType = text; path = regex_test.tail; sourceTree = "<group>"; };
		8B3FDF551FE64DF800C433EA /* query_regex_test.tail */ = {isa = PBXFileReference; fileEncoding = 4; lastKnownFileType = text; path = query_regex_test.tail; sourceTree = "<group>"; };
		8B5719EB1FD4041500B765DD /* SwifterStubServer.framework */ = {isa = PBXFileReference; lastKnownFileType = wrapper.framework; name = SwifterStubServer.framework; path = Carthage/Build/iOS/SwifterStubServer.framework; sourceTree = "<group>"; };
		8B61B1EF1FE608FA00A9AACF /* test.tail */ = {isa = PBXFileReference; lastKnownFileType = text; path = test.tail; sourceTree = "<group>"; };
		8B61B1F11FE61AFD00A9AACF /* post_test.tail */ = {isa = PBXFileReference; fileEncoding = 4; lastKnownFileType = text; path = post_test.tail; sourceTree = "<group>"; };
		8B61B1F31FE6268800A9AACF /* NetUtils.framework */ = {isa = PBXFileReference; lastKnownFileType = wrapper.framework; name = NetUtils.framework; path = Carthage/Build/iOS/NetUtils.framework; sourceTree = "<group>"; };
		8B8212531FD39B7200E5B898 /* SwifterStubs.framework */ = {isa = PBXFileReference; explicitFileType = wrapper.framework; includeInIndex = 0; path = SwifterStubs.framework; sourceTree = BUILT_PRODUCTS_DIR; };
		8B8212561FD39B7200E5B898 /* swifter_stubs.h */ = {isa = PBXFileReference; lastKnownFileType = sourcecode.c.h; path = swifter_stubs.h; sourceTree = "<group>"; };
		8B8212571FD39B7200E5B898 /* Info.plist */ = {isa = PBXFileReference; lastKnownFileType = text.plist.xml; path = Info.plist; sourceTree = "<group>"; };
		8B82125C1FD39B7200E5B898 /* swifter-stubsTests.xctest */ = {isa = PBXFileReference; explicitFileType = wrapper.cfbundle; includeInIndex = 0; path = "swifter-stubsTests.xctest"; sourceTree = BUILT_PRODUCTS_DIR; };
		8B8212631FD39B7200E5B898 /* Info.plist */ = {isa = PBXFileReference; lastKnownFileType = text.plist.xml; path = Info.plist; sourceTree = "<group>"; };
		8B82126E1FD3A1B600E5B898 /* Swifter.framework */ = {isa = PBXFileReference; lastKnownFileType = wrapper.framework; name = Swifter.framework; path = Carthage/Build/iOS/Swifter.framework; sourceTree = "<group>"; };
		8B82126F1FD3A1B600E5B898 /* SwiftMocktail.framework */ = {isa = PBXFileReference; lastKnownFileType = wrapper.framework; name = SwiftMocktail.framework; path = Carthage/Build/iOS/SwiftMocktail.framework; sourceTree = "<group>"; };
		8B8212721FD3A20900E5B898 /* SwifterStubServer.swift */ = {isa = PBXFileReference; lastKnownFileType = sourcecode.swift; path = SwifterStubServer.swift; sourceTree = "<group>"; };
		8BA7BAF81FF39F1D00FCD71D /* stubs_headers_test.tail */ = {isa = PBXFileReference; fileEncoding = 4; lastKnownFileType = text; path = stubs_headers_test.tail; sourceTree = "<group>"; };
		8BA7BAFA1FF3B5A000FCD71D /* stubs_set_headers_test.tail */ = {isa = PBXFileReference; fileEncoding = 4; lastKnownFileType = text; path = stubs_set_headers_test.tail; sourceTree = "<group>"; };
/* End PBXFileReference section */

/* Begin PBXFrameworksBuildPhase section */
		8B82124F1FD39B7200E5B898 /* Frameworks */ = {
			isa = PBXFrameworksBuildPhase;
			buildActionMask = 2147483647;
			files = (
				8B61B1F41FE6268800A9AACF /* NetUtils.framework in Frameworks */,
				8B5719EC1FD4041500B765DD /* SwifterStubServer.framework in Frameworks */,
				8B8212701FD3A1B600E5B898 /* Swifter.framework in Frameworks */,
				8B8212711FD3A1B600E5B898 /* SwiftMocktail.framework in Frameworks */,
			);
			runOnlyForDeploymentPostprocessing = 0;
		};
		8B8212591FD39B7200E5B898 /* Frameworks */ = {
			isa = PBXFrameworksBuildPhase;
			buildActionMask = 2147483647;
			files = (
				8B82125D1FD39B7200E5B898 /* SwifterStubs.framework in Frameworks */,
				8B61B1EE1FE6073C00A9AACF /* SwifterStubServer.framework in Frameworks */,
				8B61B1ED1FE6066900A9AACF /* SwiftMocktail.framework in Frameworks */,
				8B2F8BFB1FE605CF00DFFB62 /* Swifter.framework in Frameworks */,
			);
			runOnlyForDeploymentPostprocessing = 0;
		};
/* End PBXFrameworksBuildPhase section */

/* Begin PBXGroup section */
		8B8212491FD39B7200E5B898 = {
			isa = PBXGroup;
			children = (
				8B8212551FD39B7200E5B898 /* swifter-stubs */,
				8B8212601FD39B7200E5B898 /* swifter-stubsTests */,
				8B8212541FD39B7200E5B898 /* Products */,
				8B82126D1FD3A1B600E5B898 /* Frameworks */,
			);
			sourceTree = "<group>";
		};
		8B8212541FD39B7200E5B898 /* Products */ = {
			isa = PBXGroup;
			children = (
				8B8212531FD39B7200E5B898 /* SwifterStubs.framework */,
				8B82125C1FD39B7200E5B898 /* swifter-stubsTests.xctest */,
			);
			name = Products;
			sourceTree = "<group>";
		};
		8B8212551FD39B7200E5B898 /* swifter-stubs */ = {
			isa = PBXGroup;
			children = (
				8B8212561FD39B7200E5B898 /* swifter_stubs.h */,
				8B8212571FD39B7200E5B898 /* Info.plist */,
				8B8212721FD3A20900E5B898 /* SwifterStubServer.swift */,
				8B2F8BF81FE5FAE400DFFB62 /* StubRegister.swift */,
				8B26869E1FF60C1300D8FDD4 /* String+Properties.swift */,
			);
			path = "swifter-stubs";
			sourceTree = "<group>";
		};
		8B8212601FD39B7200E5B898 /* swifter-stubsTests */ = {
			isa = PBXGroup;
			children = (
				8BA7BAFA1FF3B5A000FCD71D /* stubs_set_headers_test.tail */,
				8BA7BAF81FF39F1D00FCD71D /* stubs_headers_test.tail */,
				8B3FDF551FE64DF800C433EA /* query_regex_test.tail */,
				8B3FDF531FE64D3F00C433EA /* regex_test.tail */,
				8B3FDF511FE63BEA00C433EA /* query_test.tail */,
				8B8212631FD39B7200E5B898 /* Info.plist */,
				8B2F8BF61FE5F94000DFFB62 /* SwifterStubServerTests.swift */,
				8B61B1F11FE61AFD00A9AACF /* post_test.tail */,
				8B61B1EF1FE608FA00A9AACF /* test.tail */,
			);
			path = "swifter-stubsTests";
			sourceTree = "<group>";
		};
		8B82126D1FD3A1B600E5B898 /* Frameworks */ = {
			isa = PBXGroup;
			children = (
				8B61B1F31FE6268800A9AACF /* NetUtils.framework */,
				8B5719EB1FD4041500B765DD /* SwifterStubServer.framework */,
				8B31DCFA1FD3FCCF0053FBAE /* swifter_stub_server.framework */,
				8B82126E1FD3A1B600E5B898 /* Swifter.framework */,
				8B82126F1FD3A1B600E5B898 /* SwiftMocktail.framework */,
			);
			name = Frameworks;
			sourceTree = "<group>";
		};
/* End PBXGroup section */

/* Begin PBXHeadersBuildPhase section */
		8B8212501FD39B7200E5B898 /* Headers */ = {
			isa = PBXHeadersBuildPhase;
			buildActionMask = 2147483647;
			files = (
				8B8212641FD39B7200E5B898 /* swifter_stubs.h in Headers */,
			);
			runOnlyForDeploymentPostprocessing = 0;
		};
/* End PBXHeadersBuildPhase section */

/* Begin PBXNativeTarget section */
		8B8212521FD39B7200E5B898 /* SwifterStubs */ = {
			isa = PBXNativeTarget;
			buildConfigurationList = 8B8212671FD39B7200E5B898 /* Build configuration list for PBXNativeTarget "SwifterStubs" */;
			buildPhases = (
				8B82124E1FD39B7200E5B898 /* Sources */,
				8B82124F1FD39B7200E5B898 /* Frameworks */,
				8B8212501FD39B7200E5B898 /* Headers */,
				8B8212511FD39B7200E5B898 /* Resources */,
			);
			buildRules = (
			);
			dependencies = (
			);
			name = SwifterStubs;
			productName = "swifter-stubs";
			productReference = 8B8212531FD39B7200E5B898 /* SwifterStubs.framework */;
			productType = "com.apple.product-type.framework";
		};
		8B82125B1FD39B7200E5B898 /* swifter-stubsTests */ = {
			isa = PBXNativeTarget;
			buildConfigurationList = 8B82126A1FD39B7200E5B898 /* Build configuration list for PBXNativeTarget "swifter-stubsTests" */;
			buildPhases = (
				8B8212581FD39B7200E5B898 /* Sources */,
				8B8212591FD39B7200E5B898 /* Frameworks */,
				8B82125A1FD39B7200E5B898 /* Resources */,
			);
			buildRules = (
			);
			dependencies = (
				8B82125F1FD39B7200E5B898 /* PBXTargetDependency */,
			);
			name = "swifter-stubsTests";
			productName = "swifter-stubsTests";
			productReference = 8B82125C1FD39B7200E5B898 /* swifter-stubsTests.xctest */;
			productType = "com.apple.product-type.bundle.unit-test";
		};
/* End PBXNativeTarget section */

/* Begin PBXProject section */
		8B82124A1FD39B7200E5B898 /* Project object */ = {
			isa = PBXProject;
			attributes = {
				LastSwiftUpdateCheck = 0910;
				LastUpgradeCheck = 0910;
				ORGANIZATIONNAME = "Nick Cross";
				TargetAttributes = {
					8B8212521FD39B7200E5B898 = {
						CreatedOnToolsVersion = 9.1;
						LastSwiftMigration = 0910;
						ProvisioningStyle = Automatic;
					};
					8B82125B1FD39B7200E5B898 = {
						CreatedOnToolsVersion = 9.1;
						ProvisioningStyle = Automatic;
					};
				};
			};
			buildConfigurationList = 8B82124D1FD39B7200E5B898 /* Build configuration list for PBXProject "swifter-stubs" */;
			compatibilityVersion = "Xcode 8.0";
			developmentRegion = en;
			hasScannedForEncodings = 0;
			knownRegions = (
				en,
			);
			mainGroup = 8B8212491FD39B7200E5B898;
			productRefGroup = 8B8212541FD39B7200E5B898 /* Products */;
			projectDirPath = "";
			projectRoot = "";
			targets = (
				8B8212521FD39B7200E5B898 /* SwifterStubs */,
				8B82125B1FD39B7200E5B898 /* swifter-stubsTests */,
			);
		};
/* End PBXProject section */

/* Begin PBXResourcesBuildPhase section */
		8B8212511FD39B7200E5B898 /* Resources */ = {
			isa = PBXResourcesBuildPhase;
			buildActionMask = 2147483647;
			files = (
			);
			runOnlyForDeploymentPostprocessing = 0;
		};
		8B82125A1FD39B7200E5B898 /* Resources */ = {
			isa = PBXResourcesBuildPhase;
			buildActionMask = 2147483647;
			files = (
				8B3FDF561FE64DF800C433EA /* query_regex_test.tail in Resources */,
				8B3FDF521FE63BEA00C433EA /* query_test.tail in Resources */,
				8BA7BAFB1FF3B5A100FCD71D /* stubs_set_headers_test.tail in Resources */,
				8BA7BAF91FF39F1E00FCD71D /* stubs_headers_test.tail in Resources */,
				8B3FDF541FE64D3F00C433EA /* regex_test.tail in Resources */,
				8B61B1F01FE608FA00A9AACF /* test.tail in Resources */,
				8B61B1F21FE61AFD00A9AACF /* post_test.tail in Resources */,
			);
			runOnlyForDeploymentPostprocessing = 0;
		};
/* End PBXResourcesBuildPhase section */

/* Begin PBXSourcesBuildPhase section */
		8B82124E1FD39B7200E5B898 /* Sources */ = {
			isa = PBXSourcesBuildPhase;
			buildActionMask = 2147483647;
			files = (
				8B2F8BFA1FE5FBF300DFFB62 /* StubRegister.swift in Sources */,
				8B26869F1FF60C1300D8FDD4 /* String+Properties.swift in Sources */,
				8B8212731FD3A20900E5B898 /* SwifterStubServer.swift in Sources */,
			);
			runOnlyForDeploymentPostprocessing = 0;
		};
		8B8212581FD39B7200E5B898 /* Sources */ = {
			isa = PBXSourcesBuildPhase;
			buildActionMask = 2147483647;
			files = (
				8B2F8BF71FE5F94000DFFB62 /* SwifterStubServerTests.swift in Sources */,
			);
			runOnlyForDeploymentPostprocessing = 0;
		};
/* End PBXSourcesBuildPhase section */

/* Begin PBXTargetDependency section */
		8B82125F1FD39B7200E5B898 /* PBXTargetDependency */ = {
			isa = PBXTargetDependency;
			target = 8B8212521FD39B7200E5B898 /* SwifterStubs */;
			targetProxy = 8B82125E1FD39B7200E5B898 /* PBXContainerItemProxy */;
		};
/* End PBXTargetDependency section */

/* Begin XCBuildConfiguration section */
		8B8212651FD39B7200E5B898 /* Debug */ = {
			isa = XCBuildConfiguration;
			buildSettings = {
				ALWAYS_SEARCH_USER_PATHS = NO;
				CLANG_ANALYZER_NONNULL = YES;
				CLANG_ANALYZER_NUMBER_OBJECT_CONVERSION = YES_AGGRESSIVE;
				CLANG_CXX_LANGUAGE_STANDARD = "gnu++14";
				CLANG_CXX_LIBRARY = "libc++";
				CLANG_ENABLE_MODULES = YES;
				CLANG_ENABLE_OBJC_ARC = YES;
				CLANG_WARN_BLOCK_CAPTURE_AUTORELEASING = YES;
				CLANG_WARN_BOOL_CONVERSION = YES;
				CLANG_WARN_COMMA = YES;
				CLANG_WARN_CONSTANT_CONVERSION = YES;
				CLANG_WARN_DIRECT_OBJC_ISA_USAGE = YES_ERROR;
				CLANG_WARN_DOCUMENTATION_COMMENTS = YES;
				CLANG_WARN_EMPTY_BODY = YES;
				CLANG_WARN_ENUM_CONVERSION = YES;
				CLANG_WARN_INFINITE_RECURSION = YES;
				CLANG_WARN_INT_CONVERSION = YES;
				CLANG_WARN_NON_LITERAL_NULL_CONVERSION = YES;
				CLANG_WARN_OBJC_LITERAL_CONVERSION = YES;
				CLANG_WARN_OBJC_ROOT_CLASS = YES_ERROR;
				CLANG_WARN_RANGE_LOOP_ANALYSIS = YES;
				CLANG_WARN_STRICT_PROTOTYPES = YES;
				CLANG_WARN_SUSPICIOUS_MOVE = YES;
				CLANG_WARN_UNGUARDED_AVAILABILITY = YES_AGGRESSIVE;
				CLANG_WARN_UNREACHABLE_CODE = YES;
				CLANG_WARN__DUPLICATE_METHOD_MATCH = YES;
				CODE_SIGN_IDENTITY = "iPhone Developer";
				COPY_PHASE_STRIP = NO;
				CURRENT_PROJECT_VERSION = 1;
				DEBUG_INFORMATION_FORMAT = dwarf;
				ENABLE_STRICT_OBJC_MSGSEND = YES;
				ENABLE_TESTABILITY = YES;
				GCC_C_LANGUAGE_STANDARD = gnu11;
				GCC_DYNAMIC_NO_PIC = NO;
				GCC_NO_COMMON_BLOCKS = YES;
				GCC_OPTIMIZATION_LEVEL = 0;
				GCC_PREPROCESSOR_DEFINITIONS = (
					"DEBUG=1",
					"$(inherited)",
				);
				GCC_WARN_64_TO_32_BIT_CONVERSION = YES;
				GCC_WARN_ABOUT_RETURN_TYPE = YES_ERROR;
				GCC_WARN_UNDECLARED_SELECTOR = YES;
				GCC_WARN_UNINITIALIZED_AUTOS = YES_AGGRESSIVE;
				GCC_WARN_UNUSED_FUNCTION = YES;
				GCC_WARN_UNUSED_VARIABLE = YES;
				IPHONEOS_DEPLOYMENT_TARGET = 11.1;
				MTL_ENABLE_DEBUG_INFO = YES;
				ONLY_ACTIVE_ARCH = YES;
				SDKROOT = iphoneos;
				SWIFT_ACTIVE_COMPILATION_CONDITIONS = DEBUG;
				SWIFT_OPTIMIZATION_LEVEL = "-Onone";
				VERSIONING_SYSTEM = "apple-generic";
				VERSION_INFO_PREFIX = "";
			};
			name = Debug;
		};
		8B8212661FD39B7200E5B898 /* Release */ = {
			isa = XCBuildConfiguration;
			buildSettings = {
				ALWAYS_SEARCH_USER_PATHS = NO;
				CLANG_ANALYZER_NONNULL = YES;
				CLANG_ANALYZER_NUMBER_OBJECT_CONVERSION = YES_AGGRESSIVE;
				CLANG_CXX_LANGUAGE_STANDARD = "gnu++14";
				CLANG_CXX_LIBRARY = "libc++";
				CLANG_ENABLE_MODULES = YES;
				CLANG_ENABLE_OBJC_ARC = YES;
				CLANG_WARN_BLOCK_CAPTURE_AUTORELEASING = YES;
				CLANG_WARN_BOOL_CONVERSION = YES;
				CLANG_WARN_COMMA = YES;
				CLANG_WARN_CONSTANT_CONVERSION = YES;
				CLANG_WARN_DIRECT_OBJC_ISA_USAGE = YES_ERROR;
				CLANG_WARN_DOCUMENTATION_COMMENTS = YES;
				CLANG_WARN_EMPTY_BODY = YES;
				CLANG_WARN_ENUM_CONVERSION = YES;
				CLANG_WARN_INFINITE_RECURSION = YES;
				CLANG_WARN_INT_CONVERSION = YES;
				CLANG_WARN_NON_LITERAL_NULL_CONVERSION = YES;
				CLANG_WARN_OBJC_LITERAL_CONVERSION = YES;
				CLANG_WARN_OBJC_ROOT_CLASS = YES_ERROR;
				CLANG_WARN_RANGE_LOOP_ANALYSIS = YES;
				CLANG_WARN_STRICT_PROTOTYPES = YES;
				CLANG_WARN_SUSPICIOUS_MOVE = YES;
				CLANG_WARN_UNGUARDED_AVAILABILITY = YES_AGGRESSIVE;
				CLANG_WARN_UNREACHABLE_CODE = YES;
				CLANG_WARN__DUPLICATE_METHOD_MATCH = YES;
				CODE_SIGN_IDENTITY = "iPhone Developer";
				COPY_PHASE_STRIP = NO;
				CURRENT_PROJECT_VERSION = 1;
				DEBUG_INFORMATION_FORMAT = "dwarf-with-dsym";
				ENABLE_NS_ASSERTIONS = NO;
				ENABLE_STRICT_OBJC_MSGSEND = YES;
				GCC_C_LANGUAGE_STANDARD = gnu11;
				GCC_NO_COMMON_BLOCKS = YES;
				GCC_WARN_64_TO_32_BIT_CONVERSION = YES;
				GCC_WARN_ABOUT_RETURN_TYPE = YES_ERROR;
				GCC_WARN_UNDECLARED_SELECTOR = YES;
				GCC_WARN_UNINITIALIZED_AUTOS = YES_AGGRESSIVE;
				GCC_WARN_UNUSED_FUNCTION = YES;
				GCC_WARN_UNUSED_VARIABLE = YES;
				IPHONEOS_DEPLOYMENT_TARGET = 11.1;
				MTL_ENABLE_DEBUG_INFO = NO;
				SDKROOT = iphoneos;
				SWIFT_OPTIMIZATION_LEVEL = "-Owholemodule";
				VALIDATE_PRODUCT = YES;
				VERSIONING_SYSTEM = "apple-generic";
				VERSION_INFO_PREFIX = "";
			};
			name = Release;
		};
		8B8212681FD39B7200E5B898 /* Debug */ = {
			isa = XCBuildConfiguration;
			buildSettings = {
				CLANG_ENABLE_MODULES = YES;
				CODE_SIGN_IDENTITY = "";
				CODE_SIGN_STYLE = Automatic;
				DEFINES_MODULE = YES;
				DYLIB_COMPATIBILITY_VERSION = 1;
				DYLIB_CURRENT_VERSION = 1;
				DYLIB_INSTALL_NAME_BASE = "@rpath";
				FRAMEWORK_SEARCH_PATHS = (
					"$(inherited)",
					"$(PROJECT_DIR)/Carthage/Build/iOS",
				);
				INFOPLIST_FILE = "swifter-stubs/Info.plist";
				INSTALL_PATH = "$(LOCAL_LIBRARY_DIR)/Frameworks";
				IPHONEOS_DEPLOYMENT_TARGET = 9.3;
				LD_RUNPATH_SEARCH_PATHS = "$(inherited) @executable_path/Frameworks @loader_path/Frameworks";
				PRODUCT_BUNDLE_IDENTIFIER = "com.nacross.swifter-stubs";
				PRODUCT_NAME = "$(TARGET_NAME:c99extidentifier)";
				SKIP_INSTALL = YES;
				SWIFT_OPTIMIZATION_LEVEL = "-Onone";
				SWIFT_VERSION = 4.0;
				TARGETED_DEVICE_FAMILY = "1,2";
			};
			name = Debug;
		};
		8B8212691FD39B7200E5B898 /* Release */ = {
			isa = XCBuildConfiguration;
			buildSettings = {
				CLANG_ENABLE_MODULES = YES;
				CODE_SIGN_IDENTITY = "";
				CODE_SIGN_STYLE = Automatic;
				DEFINES_MODULE = YES;
				DYLIB_COMPATIBILITY_VERSION = 1;
				DYLIB_CURRENT_VERSION = 1;
				DYLIB_INSTALL_NAME_BASE = "@rpath";
				FRAMEWORK_SEARCH_PATHS = (
					"$(inherited)",
					"$(PROJECT_DIR)/Carthage/Build/iOS",
				);
				INFOPLIST_FILE = "swifter-stubs/Info.plist";
				INSTALL_PATH = "$(LOCAL_LIBRARY_DIR)/Frameworks";
				IPHONEOS_DEPLOYMENT_TARGET = 9.3;
				LD_RUNPATH_SEARCH_PATHS = "$(inherited) @executable_path/Frameworks @loader_path/Frameworks";
				PRODUCT_BUNDLE_IDENTIFIER = "com.nacross.swifter-stubs";
				PRODUCT_NAME = "$(TARGET_NAME:c99extidentifier)";
				SKIP_INSTALL = YES;
				SWIFT_VERSION = 4.0;
				TARGETED_DEVICE_FAMILY = "1,2";
			};
			name = Release;
		};
		8B82126B1FD39B7200E5B898 /* Debug */ = {
			isa = XCBuildConfiguration;
			buildSettings = {
				ALWAYS_EMBED_SWIFT_STANDARD_LIBRARIES = YES;
				CODE_SIGN_STYLE = Automatic;
				FRAMEWORK_SEARCH_PATHS = (
					"$(inherited)",
					"$(PROJECT_DIR)/Carthage/Build/iOS",
				);
				INFOPLIST_FILE = "swifter-stubsTests/Info.plist";
				LD_RUNPATH_SEARCH_PATHS = "$(inherited) @executable_path/Frameworks @loader_path/Frameworks $(SRCROOT)/Carthage/Build/iOS";
				PRODUCT_BUNDLE_IDENTIFIER = "com.nacross.swifter-stubsTests";
				PRODUCT_NAME = "$(TARGET_NAME)";
				SWIFT_VERSION = 4.0;
				TARGETED_DEVICE_FAMILY = "1,2";
			};
			name = Debug;
		};
		8B82126C1FD39B7200E5B898 /* Release */ = {
			isa = XCBuildConfiguration;
			buildSettings = {
				ALWAYS_EMBED_SWIFT_STANDARD_LIBRARIES = YES;
				CODE_SIGN_STYLE = Automatic;
				FRAMEWORK_SEARCH_PATHS = (
					"$(inherited)",
					"$(PROJECT_DIR)/Carthage/Build/iOS",
				);
				INFOPLIST_FILE = "swifter-stubsTests/Info.plist";
				LD_RUNPATH_SEARCH_PATHS = "$(inherited) @executable_path/Frameworks @loader_path/Frameworks $(SRCROOT)/Carthage/Build/iOS";
				PRODUCT_BUNDLE_IDENTIFIER = "com.nacross.swifter-stubsTests";
				PRODUCT_NAME = "$(TARGET_NAME)";
				SWIFT_VERSION = 4.0;
				TARGETED_DEVICE_FAMILY = "1,2";
			};
			name = Release;
		};
/* End XCBuildConfiguration section */

/* Begin XCConfigurationList section */
		8B82124D1FD39B7200E5B898 /* Build configuration list for PBXProject "swifter-stubs" */ = {
			isa = XCConfigurationList;
			buildConfigurations = (
				8B8212651FD39B7200E5B898 /* Debug */,
				8B8212661FD39B7200E5B898 /* Release */,
			);
			defaultConfigurationIsVisible = 0;
			defaultConfigurationName = Release;
		};
		8B8212671FD39B7200E5B898 /* Build configuration list for PBXNativeTarget "SwifterStubs" */ = {
			isa = XCConfigurationList;
			buildConfigurations = (
				8B8212681FD39B7200E5B898 /* Debug */,
				8B8212691FD39B7200E5B898 /* Release */,
			);
			defaultConfigurationIsVisible = 0;
			defaultConfigurationName = Release;
		};
		8B82126A1FD39B7200E5B898 /* Build configuration list for PBXNativeTarget "swifter-stubsTests" */ = {
			isa = XCConfigurationList;
			buildConfigurations = (
				8B82126B1FD39B7200E5B898 /* Debug */,
				8B82126C1FD39B7200E5B898 /* Release */,
			);
			defaultConfigurationIsVisible = 0;
			defaultConfigurationName = Release;
		};
/* End XCConfigurationList section */
	};
	rootObject = 8B82124A1FD39B7200E5B898 /* Project object */;
}
